// !$*UTF8*$!
{
	archiveVersion = 1;
	classes = {
	};
	objectVersion = 46;
	objects = {

/* Begin PBXBuildFile section */
		CA58B445D7D8250B3676898C /* libPods-EverMemo.a in Frameworks */ = {isa = PBXBuildFile; fileRef = A717C61B971F1DF39D61AD93 /* libPods-EverMemo.a */; settings = {ATTRIBUTES = (Required, ); }; };
		FE7614461C91498200FEB862 /* main.m in Sources */ = {isa = PBXBuildFile; fileRef = FE7614451C91498200FEB862 /* main.m */; };
		FE7614491C91498300FEB862 /* AppDelegate.m in Sources */ = {isa = PBXBuildFile; fileRef = FE7614481C91498300FEB862 /* AppDelegate.m */; };
		FE76144C1C91498300FEB862 /* EverMemo.xcdatamodeld in Sources */ = {isa = PBXBuildFile; fileRef = FE76144A1C91498300FEB862 /* EverMemo.xcdatamodeld */; };
		FE76144F1C91498300FEB862 /* MasterViewController.m in Sources */ = {isa = PBXBuildFile; fileRef = FE76144E1C91498300FEB862 /* MasterViewController.m */; };
		FE7614521C91498300FEB862 /* DetailViewController.m in Sources */ = {isa = PBXBuildFile; fileRef = FE7614511C91498300FEB862 /* DetailViewController.m */; };
		FE7614551C91498300FEB862 /* Main.storyboard in Resources */ = {isa = PBXBuildFile; fileRef = FE7614531C91498300FEB862 /* Main.storyboard */; };
		FE7614571C91498300FEB862 /* Assets.xcassets in Resources */ = {isa = PBXBuildFile; fileRef = FE7614561C91498300FEB862 /* Assets.xcassets */; };
		FE76145A1C91498300FEB862 /* LaunchScreen.storyboard in Resources */ = {isa = PBXBuildFile; fileRef = FE7614581C91498300FEB862 /* LaunchScreen.storyboard */; };
		FE7614631C9152B900FEB862 /* Memo.m in Sources */ = {isa = PBXBuildFile; fileRef = FE7614621C9152B900FEB862 /* Memo.m */; };
/* End PBXBuildFile section */

/* Begin PBXFileReference section */
		04FDD1A84D022EFB2CCF570A /* Pods-EverMemo.release.xcconfig */ = {isa = PBXFileReference; includeInIndex = 1; lastKnownFileType = text.xcconfig; name = "Pods-EverMemo.release.xcconfig"; path = "Pods/Target Support Files/Pods-EverMemo/Pods-EverMemo.release.xcconfig"; sourceTree = "<group>"; };
		507F35AF96B03E63FFC9B261 /* Pods-EverMemo.debug.xcconfig */ = {isa = PBXFileReference; includeInIndex = 1; lastKnownFileType = text.xcconfig; name = "Pods-EverMemo.debug.xcconfig"; path = "Pods/Target Support Files/Pods-EverMemo/Pods-EverMemo.debug.xcconfig"; sourceTree = "<group>"; };
		A717C61B971F1DF39D61AD93 /* libPods-EverMemo.a */ = {isa = PBXFileReference; explicitFileType = archive.ar; includeInIndex = 0; path = "libPods-EverMemo.a"; sourceTree = BUILT_PRODUCTS_DIR; };
		FE7614411C91498200FEB862 /* EverMemo.app */ = {isa = PBXFileReference; explicitFileType = wrapper.application; includeInIndex = 0; path = EverMemo.app; sourceTree = BUILT_PRODUCTS_DIR; };
		FE7614451C91498200FEB862 /* main.m */ = {isa = PBXFileReference; lastKnownFileType = sourcecode.c.objc; path = main.m; sourceTree = "<group>"; };
		FE7614471C91498300FEB862 /* AppDelegate.h */ = {isa = PBXFileReference; lastKnownFileType = sourcecode.c.h; path = AppDelegate.h; sourceTree = "<group>"; };
		FE7614481C91498300FEB862 /* AppDelegate.m */ = {isa = PBXFileReference; lastKnownFileType = sourcecode.c.objc; path = AppDelegate.m; sourceTree = "<group>"; };
		FE76144B1C91498300FEB862 /* EverMemo.xcdatamodel */ = {isa = PBXFileReference; lastKnownFileType = wrapper.xcdatamodel; path = EverMemo.xcdatamodel; sourceTree = "<group>"; };
		FE76144D1C91498300FEB862 /* MasterViewController.h */ = {isa = PBXFileReference; lastKnownFileType = sourcecode.c.h; path = MasterViewController.h; sourceTree = "<group>"; };
		FE76144E1C91498300FEB862 /* MasterViewController.m */ = {isa = PBXFileReference; lastKnownFileType = sourcecode.c.objc; path = MasterViewController.m; sourceTree = "<group>"; };
		FE7614501C91498300FEB862 /* DetailViewController.h */ = {isa = PBXFileReference; lastKnownFileType = sourcecode.c.h; path = DetailViewController.h; sourceTree = "<group>"; };
		FE7614511C91498300FEB862 /* DetailViewController.m */ = {isa = PBXFileReference; lastKnownFileType = sourcecode.c.objc; path = DetailViewController.m; sourceTree = "<group>"; };
		FE7614541C91498300FEB862 /* Base */ = {isa = PBXFileReference; lastKnownFileType = file.storyboard; name = Base; path = Base.lproj/Main.storyboard; sourceTree = "<group>"; };
		FE7614561C91498300FEB862 /* Assets.xcassets */ = {isa = PBXFileReference; lastKnownFileType = folder.assetcatalog; path = Assets.xcassets; sourceTree = "<group>"; };
		FE7614591C91498300FEB862 /* Base */ = {isa = PBXFileReference; lastKnownFileType = file.storyboard; name = Base; path = Base.lproj/LaunchScreen.storyboard; sourceTree = "<group>"; };
		FE76145B1C91498300FEB862 /* Info.plist */ = {isa = PBXFileReference; lastKnownFileType = text.plist.xml; path = Info.plist; sourceTree = "<group>"; };
		FE7614611C9152B900FEB862 /* Memo.h */ = {isa = PBXFileReference; fileEncoding = 4; lastKnownFileType = sourcecode.c.h; path = Memo.h; sourceTree = "<group>"; };
		FE7614621C9152B900FEB862 /* Memo.m */ = {isa = PBXFileReference; fileEncoding = 4; lastKnownFileType = sourcecode.c.objc; path = Memo.m; sourceTree = "<group>"; };
/* End PBXFileReference section */

/* Begin PBXFrameworksBuildPhase section */
		FE76143E1C91498200FEB862 /* Frameworks */ = {
			isa = PBXFrameworksBuildPhase;
			buildActionMask = 2147483647;
			files = (
				CA58B445D7D8250B3676898C /* libPods-EverMemo.a in Frameworks */,
			);
			runOnlyForDeploymentPostprocessing = 0;
		};
/* End PBXFrameworksBuildPhase section */

/* Begin PBXGroup section */
		9156B174BA0EB16D8F6276AB /* Frameworks */ = {
			isa = PBXGroup;
			children = (
				A717C61B971F1DF39D61AD93 /* libPods-EverMemo.a */,
			);
			name = Frameworks;
			sourceTree = "<group>";
		};
		FA66721DF3CC89253E82055F /* Pods */ = {
			isa = PBXGroup;
			children = (
				507F35AF96B03E63FFC9B261 /* Pods-EverMemo.debug.xcconfig */,
				04FDD1A84D022EFB2CCF570A /* Pods-EverMemo.release.xcconfig */,
			);
			name = Pods;
			sourceTree = "<group>";
		};
		FE7614381C91498200FEB862 = {
			isa = PBXGroup;
			children = (
				FE7614431C91498200FEB862 /* EverMemo */,
				FE7614421C91498200FEB862 /* Products */,
				FA66721DF3CC89253E82055F /* Pods */,
				9156B174BA0EB16D8F6276AB /* Frameworks */,
			);
			sourceTree = "<group>";
		};
		FE7614421C91498200FEB862 /* Products */ = {
			isa = PBXGroup;
			children = (
				FE7614411C91498200FEB862 /* EverMemo.app */,
			);
			name = Products;
			sourceTree = "<group>";
		};
		FE7614431C91498200FEB862 /* EverMemo */ = {
			isa = PBXGroup;
			children = (
				FE7614471C91498300FEB862 /* AppDelegate.h */,
				FE7614481C91498300FEB862 /* AppDelegate.m */,
				FE76144D1C91498300FEB862 /* MasterViewController.h */,
				FE7614611C9152B900FEB862 /* Memo.h */,
				FE7614621C9152B900FEB862 /* Memo.m */,
				FE76144E1C91498300FEB862 /* MasterViewController.m */,
				FE7614501C91498300FEB862 /* DetailViewController.h */,
				FE7614511C91498300FEB862 /* DetailViewController.m */,
				FE7614531C91498300FEB862 /* Main.storyboard */,
				FE7614561C91498300FEB862 /* Assets.xcassets */,
				FE7614581C91498300FEB862 /* LaunchScreen.storyboard */,
				FE76145B1C91498300FEB862 /* Info.plist */,
				FE76144A1C91498300FEB862 /* EverMemo.xcdatamodeld */,
				FE7614441C91498200FEB862 /* Supporting Files */,
			);
			path = EverMemo;
			sourceTree = "<group>";
		};
		FE7614441C91498200FEB862 /* Supporting Files */ = {
			isa = PBXGroup;
			children = (
				FE7614451C91498200FEB862 /* main.m */,
			);
			name = "Supporting Files";
			sourceTree = "<group>";
		};
/* End PBXGroup section */

/* Begin PBXNativeTarget section */
		FE7614401C91498200FEB862 /* EverMemo */ = {
			isa = PBXNativeTarget;
			buildConfigurationList = FE76145E1C91498300FEB862 /* Build configuration list for PBXNativeTarget "EverMemo" */;
			buildPhases = (
				CF539CDB66C38296EE15C55C /* Check Pods Manifest.lock */,
				FE76143D1C91498200FEB862 /* Sources */,
				FE76143E1C91498200FEB862 /* Frameworks */,
				FE76143F1C91498200FEB862 /* Resources */,
				F8383DCCB3753BD51DC457F9 /* Embed Pods Frameworks */,
				A6A2EB2EDACD607FCC846B7B /* Copy Pods Resources */,
			);
			buildRules = (
			);
			dependencies = (
			);
			name = EverMemo;
			productName = EverMemo;
			productReference = FE7614411C91498200FEB862 /* EverMemo.app */;
			productType = "com.apple.product-type.application";
		};
/* End PBXNativeTarget section */

/* Begin PBXProject section */
		FE7614391C91498200FEB862 /* Project object */ = {
			isa = PBXProject;
			attributes = {
				LastUpgradeCheck = 0720;
				ORGANIZATIONNAME = 0A3009;
				TargetAttributes = {
					FE7614401C91498200FEB862 = {
						CreatedOnToolsVersion = 7.2.1;
						DevelopmentTeam = FUNKSSPLA3;
					};
				};
			};
			buildConfigurationList = FE76143C1C91498200FEB862 /* Build configuration list for PBXProject "EverMemo" */;
			compatibilityVersion = "Xcode 3.2";
			developmentRegion = English;
			hasScannedForEncodings = 0;
			knownRegions = (
				en,
				Base,
			);
			mainGroup = FE7614381C91498200FEB862;
			productRefGroup = FE7614421C91498200FEB862 /* Products */;
			projectDirPath = "";
			projectRoot = "";
			targets = (
				FE7614401C91498200FEB862 /* EverMemo */,
			);
		};
/* End PBXProject section */

/* Begin PBXResourcesBuildPhase section */
		FE76143F1C91498200FEB862 /* Resources */ = {
			isa = PBXResourcesBuildPhase;
			buildActionMask = 2147483647;
			files = (
				FE76145A1C91498300FEB862 /* LaunchScreen.storyboard in Resources */,
				FE7614571C91498300FEB862 /* Assets.xcassets in Resources */,
				FE7614551C91498300FEB862 /* Main.storyboard in Resources */,
			);
			runOnlyForDeploymentPostprocessing = 0;
		};
/* End PBXResourcesBuildPhase section */

/* Begin PBXShellScriptBuildPhase section */
		A6A2EB2EDACD607FCC846B7B /* Copy Pods Resources */ = {
			isa = PBXShellScriptBuildPhase;
			buildActionMask = 2147483647;
			files = (
			);
			inputPaths = (
			);
			name = "Copy Pods Resources";
			outputPaths = (
			);
			runOnlyForDeploymentPostprocessing = 0;
			shellPath = /bin/sh;
			shellScript = "\"${SRCROOT}/Pods/Target Support Files/Pods-EverMemo/Pods-EverMemo-resources.sh\"\n";
			showEnvVarsInLog = 0;
		};
		CF539CDB66C38296EE15C55C /* Check Pods Manifest.lock */ = {
			isa = PBXShellScriptBuildPhase;
			buildActionMask = 2147483647;
			files = (
			);
			inputPaths = (
			);
			name = "Check Pods Manifest.lock";
			outputPaths = (
			);
			runOnlyForDeploymentPostprocessing = 0;
			shellPath = /bin/sh;
			shellScript = "diff \"${PODS_ROOT}/../Podfile.lock\" \"${PODS_ROOT}/Manifest.lock\" > /dev/null\nif [[ $? != 0 ]] ; then\n    cat << EOM\nerror: The sandbox is not in sync with the Podfile.lock. Run 'pod install' or update your CocoaPods installation.\nEOM\n    exit 1\nfi\n";
			showEnvVarsInLog = 0;
		};
		F8383DCCB3753BD51DC457F9 /* Embed Pods Frameworks */ = {
			isa = PBXShellScriptBuildPhase;
			buildActionMask = 2147483647;
			files = (
			);
			inputPaths = (
			);
			name = "Embed Pods Frameworks";
			outputPaths = (
			);
			runOnlyForDeploymentPostprocessing = 0;
			shellPath = /bin/sh;
			shellScript = "\"${SRCROOT}/Pods/Target Support Files/Pods-EverMemo/Pods-EverMemo-frameworks.sh\"\n";
			showEnvVarsInLog = 0;
		};
/* End PBXShellScriptBuildPhase section */

/* Begin PBXSourcesBuildPhase section */
		FE76143D1C91498200FEB862 /* Sources */ = {
			isa = PBXSourcesBuildPhase;
			buildActionMask = 2147483647;
			files = (
				FE7614521C91498300FEB862 /* DetailViewController.m in Sources */,
				FE7614631C9152B900FEB862 /* Memo.m in Sources */,
				FE76144F1C91498300FEB862 /* MasterViewController.m in Sources */,
				FE7614491C91498300FEB862 /* AppDelegate.m in Sources */,
				FE7614461C91498200FEB862 /* main.m in Sources */,
				FE76144C1C91498300FEB862 /* EverMemo.xcdatamodeld in Sources */,
			);
			runOnlyForDeploymentPostprocessing = 0;
		};
/* End PBXSourcesBuildPhase section */

/* Begin PBXVariantGroup section */
		FE7614531C91498300FEB862 /* Main.storyboard */ = {
			isa = PBXVariantGroup;
			children = (
				FE7614541C91498300FEB862 /* Base */,
			);
			name = Main.storyboard;
			sourceTree = "<group>";
		};
		FE7614581C91498300FEB862 /* LaunchScreen.storyboard */ = {
			isa = PBXVariantGroup;
			children = (
				FE7614591C91498300FEB862 /* Base */,
			);
			name = LaunchScreen.storyboard;
			sourceTree = "<group>";
		};
/* End PBXVariantGroup section */

/* Begin XCBuildConfiguration section */
		FE76145C1C91498300FEB862 /* Debug */ = {
			isa = XCBuildConfiguration;
			buildSettings = {
				ALWAYS_SEARCH_USER_PATHS = NO;
				CLANG_CXX_LANGUAGE_STANDARD = "gnu++0x";
				CLANG_CXX_LIBRARY = "libc++";
				CLANG_ENABLE_MODULES = YES;
				CLANG_ENABLE_OBJC_ARC = YES;
				CLANG_WARN_BOOL_CONVERSION = YES;
				CLANG_WARN_CONSTANT_CONVERSION = YES;
				CLANG_WARN_DIRECT_OBJC_ISA_USAGE = YES_ERROR;
				CLANG_WARN_EMPTY_BODY = YES;
				CLANG_WARN_ENUM_CONVERSION = YES;
				CLANG_WARN_INT_CONVERSION = YES;
				CLANG_WARN_OBJC_ROOT_CLASS = YES_ERROR;
				CLANG_WARN_UNREACHABLE_CODE = YES;
				CLANG_WARN__DUPLICATE_METHOD_MATCH = YES;
				"CODE_SIGN_IDENTITY[sdk=iphoneos*]" = "iPhone Developer";
				COPY_PHASE_STRIP = NO;
				DEBUG_INFORMATION_FORMAT = dwarf;
				ENABLE_STRICT_OBJC_MSGSEND = YES;
				ENABLE_TESTABILITY = YES;
				GCC_C_LANGUAGE_STANDARD = gnu99;
				GCC_DYNAMIC_NO_PIC = NO;
				GCC_NO_COMMON_BLOCKS = YES;
				GCC_OPTIMIZATION_LEVEL = 0;
				GCC_PREPROCESSOR_DEFINITIONS = (
					"DEBUG=1",
					"$(inherited)",
				);
				GCC_WARN_64_TO_32_BIT_CONVERSION = YES;
				GCC_WARN_ABOUT_RETURN_TYPE = YES_ERROR;
				GCC_WARN_UNDECLARED_SELECTOR = YES;
				GCC_WARN_UNINITIALIZED_AUTOS = YES_AGGRESSIVE;
				GCC_WARN_UNUSED_FUNCTION = YES;
				GCC_WARN_UNUSED_VARIABLE = YES;
				IPHONEOS_DEPLOYMENT_TARGET = 9.2;
				MTL_ENABLE_DEBUG_INFO = YES;
				ONLY_ACTIVE_ARCH = YES;
				SDKROOT = iphoneos;
			};
			name = Debug;
		};
		FE76145D1C91498300FEB862 /* Release */ = {
			isa = XCBuildConfiguration;
			buildSettings = {
				ALWAYS_SEARCH_USER_PATHS = NO;
				CLANG_CXX_LANGUAGE_STANDARD = "gnu++0x";
				CLANG_CXX_LIBRARY = "libc++";
				CLANG_ENABLE_MODULES = YES;
				CLANG_ENABLE_OBJC_ARC = YES;
				CLANG_WARN_BOOL_CONVERSION = YES;
				CLANG_WARN_CONSTANT_CONVERSION = YES;
				CLANG_WARN_DIRECT_OBJC_ISA_USAGE = YES_ERROR;
				CLANG_WARN_EMPTY_BODY = YES;
				CLANG_WARN_ENUM_CONVERSION = YES;
				CLANG_WARN_INT_CONVERSION = YES;
				CLANG_WARN_OBJC_ROOT_CLASS = YES_ERROR;
				CLANG_WARN_UNREACHABLE_CODE = YES;
				CLANG_WARN__DUPLICATE_METHOD_MATCH = YES;
				"CODE_SIGN_IDENTITY[sdk=iphoneos*]" = "iPhone Developer";
				COPY_PHASE_STRIP = NO;
				DEBUG_INFORMATION_FORMAT = "dwarf-with-dsym";
				ENABLE_NS_ASSERTIONS = NO;
				ENABLE_STRICT_OBJC_MSGSEND = YES;
				GCC_C_LANGUAGE_STANDARD = gnu99;
				GCC_NO_COMMON_BLOCKS = YES;
				GCC_WARN_64_TO_32_BIT_CONVERSION = YES;
				GCC_WARN_ABOUT_RETURN_TYPE = YES_ERROR;
				GCC_WARN_UNDECLARED_SELECTOR = YES;
				GCC_WARN_UNINITIALIZED_AUTOS = YES_AGGRESSIVE;
				GCC_WARN_UNUSED_FUNCTION = YES;
				GCC_WARN_UNUSED_VARIABLE = YES;
				IPHONEOS_DEPLOYMENT_TARGET = 9.2;
				MTL_ENABLE_DEBUG_INFO = NO;
				SDKROOT = iphoneos;
				VALIDATE_PRODUCT = YES;
			};
			name = Release;
		};
		FE76145F1C91498300FEB862 /* Debug */ = {
			isa = XCBuildConfiguration;
			baseConfigurationReference = 507F35AF96B03E63FFC9B261 /* Pods-EverMemo.debug.xcconfig */;
			buildSettings = {
				ASSETCATALOG_COMPILER_APPICON_NAME = AppIcon;
				INFOPLIST_FILE = EverMemo/Info.plist;
				LD_RUNPATH_SEARCH_PATHS = "$(inherited) @executable_path/Frameworks";
				PRODUCT_BUNDLE_IDENTIFIER = kondoiftc.jp.EverMemo;
				PRODUCT_NAME = "$(TARGET_NAME)";
			};
			name = Debug;
		};
		FE7614601C91498300FEB862 /* Release */ = {
			isa = XCBuildConfiguration;
			baseConfigurationReference = 04FDD1A84D022EFB2CCF570A /* Pods-EverMemo.release.xcconfig */;
			buildSettings = {
				ASSETCATALOG_COMPILER_APPICON_NAME = AppIcon;
				INFOPLIST_FILE = EverMemo/Info.plist;
				LD_RUNPATH_SEARCH_PATHS = "$(inherited) @executable_path/Frameworks";
				PRODUCT_BUNDLE_IDENTIFIER = kondoiftc.jp.EverMemo;
				PRODUCT_NAME = "$(TARGET_NAME)";
			};
			name = Release;
		};
/* End XCBuildConfiguration section */

/* Begin XCConfigurationList section */
		FE76143C1C91498200FEB862 /* Build configuration list for PBXProject "EverMemo" */ = {
			isa = XCConfigurationList;
			buildConfigurations = (
				FE76145C1C91498300FEB862 /* Debug */,
				FE76145D1C91498300FEB862 /* Release */,
			);
			defaultConfigurationIsVisible = 0;
			defaultConfigurationName = Release;
		};
		FE76145E1C91498300FEB862 /* Build configuration list for PBXNativeTarget "EverMemo" */ = {
			isa = XCConfigurationList;
			buildConfigurations = (
				FE76145F1C91498300FEB862 /* Debug */,
				FE7614601C91498300FEB862 /* Release */,
			);
			defaultConfigurationIsVisible = 0;
			defaultConfigurationName = Release;
		};
/* End XCConfigurationList section */

/* Begin XCVersionGroup section */
		FE76144A1C91498300FEB862 /* EverMemo.xcdatamodeld */ = {
			isa = XCVersionGroup;
			children = (
				FE76144B1C91498300FEB862 /* EverMemo.xcdatamodel */,
			);
			currentVersion = FE76144B1C91498300FEB862 /* EverMemo.xcdatamodel */;
			path = EverMemo.xcdatamodeld;
			sourceTree = "<group>";
			versionGroupType = wrapper.xcdatamodel;
		};
/* End XCVersionGroup section */
	};
	rootObject = FE7614391C91498200FEB862 /* Project object */;
}
